// !$*UTF8*$!
{
	archiveVersion = 1;
	classes = {
	};
	objectVersion = 51;
	objects = {

/* Begin PBXBuildFile section */
		B84F042797A0B6F0C5E84362 /* Pods_Appstore.framework in Frameworks */ = {isa = PBXBuildFile; fileRef = 45D057F19633FC7548EC2737 /* Pods_Appstore.framework */; };
		D61FF87223ADD80500429984 /* Service.swift in Sources */ = {isa = PBXBuildFile; fileRef = D61FF87123ADD80500429984 /* Service.swift */; };
		D6295C8A23AB106000F9AE9E /* AppDelegate.swift in Sources */ = {isa = PBXBuildFile; fileRef = D6295C8923AB106000F9AE9E /* AppDelegate.swift */; };
		D6295C8C23AB106000F9AE9E /* SceneDelegate.swift in Sources */ = {isa = PBXBuildFile; fileRef = D6295C8B23AB106000F9AE9E /* SceneDelegate.swift */; };
		D6295C8E23AB106000F9AE9E /* ViewController.swift in Sources */ = {isa = PBXBuildFile; fileRef = D6295C8D23AB106000F9AE9E /* ViewController.swift */; };
		D6295C9123AB106000F9AE9E /* Main.storyboard in Resources */ = {isa = PBXBuildFile; fileRef = D6295C8F23AB106000F9AE9E /* Main.storyboard */; };
		D6295C9323AB106100F9AE9E /* Assets.xcassets in Resources */ = {isa = PBXBuildFile; fileRef = D6295C9223AB106100F9AE9E /* Assets.xcassets */; };
		D6295C9623AB106100F9AE9E /* LaunchScreen.storyboard in Resources */ = {isa = PBXBuildFile; fileRef = D6295C9423AB106100F9AE9E /* LaunchScreen.storyboard */; };
		D6295C9E23AB10D100F9AE9E /* BaseTabBarController.swift in Sources */ = {isa = PBXBuildFile; fileRef = D6295C9D23AB10D100F9AE9E /* BaseTabBarController.swift */; };
		D6295CA123AB1E7100F9AE9E /* AppsSearchController.swift in Sources */ = {isa = PBXBuildFile; fileRef = D6295CA023AB1E7100F9AE9E /* AppsSearchController.swift */; };
		D6295CA423AB232400F9AE9E /* SearchResultCell.swift in Sources */ = {isa = PBXBuildFile; fileRef = D6295CA323AB232400F9AE9E /* SearchResultCell.swift */; };
		D6295CA723AB30C600F9AE9E /* UIView+Layout.swift in Sources */ = {isa = PBXBuildFile; fileRef = D6295CA623AB30C600F9AE9E /* UIView+Layout.swift */; };
		D6295CA923AB346B00F9AE9E /* VerticalStackView.swift in Sources */ = {isa = PBXBuildFile; fileRef = D6295CA823AB346B00F9AE9E /* VerticalStackView.swift */; };
		D63077B123BDBA1100D9A166 /* AppsPageHeader.swift in Sources */ = {isa = PBXBuildFile; fileRef = D63077B023BDBA1100D9A166 /* AppsPageHeader.swift */; };
		D63077B323BDBB8500D9A166 /* AppsHeaderHorizontalController.swift in Sources */ = {isa = PBXBuildFile; fileRef = D63077B223BDBB8500D9A166 /* AppsHeaderHorizontalController.swift */; };
		D63077B523BDBD2C00D9A166 /* AppsHeaderCell.swift in Sources */ = {isa = PBXBuildFile; fileRef = D63077B423BDBD2C00D9A166 /* AppsHeaderCell.swift */; };
		D63077B723BEF28800D9A166 /* AppGroup.swift in Sources */ = {isa = PBXBuildFile; fileRef = D63077B623BEF28800D9A166 /* AppGroup.swift */; };
		D64EA42623B9B71500EA73F8 /* AppsGroupCell.swift in Sources */ = {isa = PBXBuildFile; fileRef = D64EA42523B9B71500EA73F8 /* AppsGroupCell.swift */; };
		D64EA42823B9BB5800EA73F8 /* AppsHorizontalController.swift in Sources */ = {isa = PBXBuildFile; fileRef = D64EA42723B9BB5800EA73F8 /* AppsHorizontalController.swift */; };
		D65791A223CACD00005D03F4 /* AppDetailCell.swift in Sources */ = {isa = PBXBuildFile; fileRef = D65791A123CACD00005D03F4 /* AppDetailCell.swift */; };
		D67A63F623CC19ED001864CA /* PreviewCell.swift in Sources */ = {isa = PBXBuildFile; fileRef = D67A63F523CC19ED001864CA /* PreviewCell.swift */; };
		D67A63F823CC1B13001864CA /* PreviewScreenshotsController.swift in Sources */ = {isa = PBXBuildFile; fileRef = D67A63F723CC1B13001864CA /* PreviewScreenshotsController.swift */; };
		D67A63FB23D00646001864CA /* ReviewRowCell.swift in Sources */ = {isa = PBXBuildFile; fileRef = D67A63FA23D00646001864CA /* ReviewRowCell.swift */; };
		D67A63FD23D007CD001864CA /* ReviewsController.swift in Sources */ = {isa = PBXBuildFile; fileRef = D67A63FC23D007CD001864CA /* ReviewsController.swift */; };
		D67A63FF23D00940001864CA /* ReviewCell.swift in Sources */ = {isa = PBXBuildFile; fileRef = D67A63FE23D00940001864CA /* ReviewCell.swift */; };
		D67A640123D00F46001864CA /* Reviews.swift in Sources */ = {isa = PBXBuildFile; fileRef = D67A640023D00F46001864CA /* Reviews.swift */; };
		D6C26DD823B9C11900A824C5 /* AppRowCell.swift in Sources */ = {isa = PBXBuildFile; fileRef = D6C26DD723B9C11900A824C5 /* AppRowCell.swift */; };
		D6CDFE7F23AC84E60068E61A /* SearchResult.swift in Sources */ = {isa = PBXBuildFile; fileRef = D6CDFE7E23AC84E60068E61A /* SearchResult.swift */; };
		D6E0323B23B9B28D00CDB3FC /* AppsPageController.swift in Sources */ = {isa = PBXBuildFile; fileRef = D6E0323A23B9B28D00CDB3FC /* AppsPageController.swift */; };
		D6E0323D23B9B33E00CDB3FC /* BaseListController.swift in Sources */ = {isa = PBXBuildFile; fileRef = D6E0323C23B9B33E00CDB3FC /* BaseListController.swift */; };
		D6E67D0F23BF055D0098967E /* SocialApp.swift in Sources */ = {isa = PBXBuildFile; fileRef = D6E67D0E23BF055D0098967E /* SocialApp.swift */; };
		D6E67D3623C6C86F0098967E /* HorizontalSnappingController.swift in Sources */ = {isa = PBXBuildFile; fileRef = D6E67D3523C6C86F0098967E /* HorizontalSnappingController.swift */; };
		D6E67D3823C6CBFB0098967E /* BetterSnappingLayout.swift in Sources */ = {isa = PBXBuildFile; fileRef = D6E67D3723C6CBFB0098967E /* BetterSnappingLayout.swift */; };
		D6E67D3B23C7612B0098967E /* AppDetailController.swift in Sources */ = {isa = PBXBuildFile; fileRef = D6E67D3A23C7612B0098967E /* AppDetailController.swift */; };
		D6EDD17E23B9C1E7009187CA /* Extensions.swift in Sources */ = {isa = PBXBuildFile; fileRef = D6EDD17D23B9C1E7009187CA /* Extensions.swift */; };
/* End PBXBuildFile section */

/* Begin PBXFileReference section */
		45D057F19633FC7548EC2737 /* Pods_Appstore.framework */ = {isa = PBXFileReference; explicitFileType = wrapper.framework; includeInIndex = 0; path = Pods_Appstore.framework; sourceTree = BUILT_PRODUCTS_DIR; };
		670A78AF57302680CA022B5A /* Pods-Appstore.debug.xcconfig */ = {isa = PBXFileReference; includeInIndex = 1; lastKnownFileType = text.xcconfig; name = "Pods-Appstore.debug.xcconfig"; path = "Target Support Files/Pods-Appstore/Pods-Appstore.debug.xcconfig"; sourceTree = "<group>"; };
		B8D9D94B340851B034E6CF87 /* Pods-Appstore.release.xcconfig */ = {isa = PBXFileReference; includeInIndex = 1; lastKnownFileType = text.xcconfig; name = "Pods-Appstore.release.xcconfig"; path = "Target Support Files/Pods-Appstore/Pods-Appstore.release.xcconfig"; sourceTree = "<group>"; };
		D61FF87123ADD80500429984 /* Service.swift */ = {isa = PBXFileReference; lastKnownFileType = sourcecode.swift; path = Service.swift; sourceTree = "<group>"; };
		D6295C8623AB106000F9AE9E /* Appstore.app */ = {isa = PBXFileReference; explicitFileType = wrapper.application; includeInIndex = 0; path = Appstore.app; sourceTree = BUILT_PRODUCTS_DIR; };
		D6295C8923AB106000F9AE9E /* AppDelegate.swift */ = {isa = PBXFileReference; lastKnownFileType = sourcecode.swift; path = AppDelegate.swift; sourceTree = "<group>"; };
		D6295C8B23AB106000F9AE9E /* SceneDelegate.swift */ = {isa = PBXFileReference; lastKnownFileType = sourcecode.swift; path = SceneDelegate.swift; sourceTree = "<group>"; };
		D6295C8D23AB106000F9AE9E /* ViewController.swift */ = {isa = PBXFileReference; lastKnownFileType = sourcecode.swift; path = ViewController.swift; sourceTree = "<group>"; };
		D6295C9023AB106000F9AE9E /* Base */ = {isa = PBXFileReference; lastKnownFileType = file.storyboard; name = Base; path = Base.lproj/Main.storyboard; sourceTree = "<group>"; };
		D6295C9223AB106100F9AE9E /* Assets.xcassets */ = {isa = PBXFileReference; lastKnownFileType = folder.assetcatalog; path = Assets.xcassets; sourceTree = "<group>"; };
		D6295C9523AB106100F9AE9E /* Base */ = {isa = PBXFileReference; lastKnownFileType = file.storyboard; name = Base; path = Base.lproj/LaunchScreen.storyboard; sourceTree = "<group>"; };
		D6295C9723AB106100F9AE9E /* Info.plist */ = {isa = PBXFileReference; lastKnownFileType = text.plist.xml; path = Info.plist; sourceTree = "<group>"; };
		D6295C9D23AB10D100F9AE9E /* BaseTabBarController.swift */ = {isa = PBXFileReference; lastKnownFileType = sourcecode.swift; path = BaseTabBarController.swift; sourceTree = "<group>"; };
		D6295CA023AB1E7100F9AE9E /* AppsSearchController.swift */ = {isa = PBXFileReference; lastKnownFileType = sourcecode.swift; path = AppsSearchController.swift; sourceTree = "<group>"; };
		D6295CA323AB232400F9AE9E /* SearchResultCell.swift */ = {isa = PBXFileReference; lastKnownFileType = sourcecode.swift; path = SearchResultCell.swift; sourceTree = "<group>"; };
		D6295CA623AB30C600F9AE9E /* UIView+Layout.swift */ = {isa = PBXFileReference; fileEncoding = 4; lastKnownFileType = sourcecode.swift; name = "UIView+Layout.swift"; path = "../../../../Downloads/UIView+Layout.swift"; sourceTree = "<group>"; };
		D6295CA823AB346B00F9AE9E /* VerticalStackView.swift */ = {isa = PBXFileReference; lastKnownFileType = sourcecode.swift; path = VerticalStackView.swift; sourceTree = "<group>"; };
		D63077B023BDBA1100D9A166 /* AppsPageHeader.swift */ = {isa = PBXFileReference; lastKnownFileType = sourcecode.swift; path = AppsPageHeader.swift; sourceTree = "<group>"; };
		D63077B223BDBB8500D9A166 /* AppsHeaderHorizontalController.swift */ = {isa = PBXFileReference; lastKnownFileType = sourcecode.swift; path = AppsHeaderHorizontalController.swift; sourceTree = "<group>"; };
		D63077B423BDBD2C00D9A166 /* AppsHeaderCell.swift */ = {isa = PBXFileReference; lastKnownFileType = sourcecode.swift; path = AppsHeaderCell.swift; sourceTree = "<group>"; };
		D63077B623BEF28800D9A166 /* AppGroup.swift */ = {isa = PBXFileReference; lastKnownFileType = sourcecode.swift; path = AppGroup.swift; sourceTree = "<group>"; };
		D64EA42523B9B71500EA73F8 /* AppsGroupCell.swift */ = {isa = PBXFileReference; lastKnownFileType = sourcecode.swift; path = AppsGroupCell.swift; sourceTree = "<group>"; };
		D64EA42723B9BB5800EA73F8 /* AppsHorizontalController.swift */ = {isa = PBXFileReference; lastKnownFileType = sourcecode.swift; path = AppsHorizontalController.swift; sourceTree = "<group>"; };
		D65791A123CACD00005D03F4 /* AppDetailCell.swift */ = {isa = PBXFileReference; lastKnownFileType = sourcecode.swift; path = AppDetailCell.swift; sourceTree = "<group>"; };
		D67A63F523CC19ED001864CA /* PreviewCell.swift */ = {isa = PBXFileReference; lastKnownFileType = sourcecode.swift; path = PreviewCell.swift; sourceTree = "<group>"; };
		D67A63F723CC1B13001864CA /* PreviewScreenshotsController.swift */ = {isa = PBXFileReference; lastKnownFileType = sourcecode.swift; path = PreviewScreenshotsController.swift; sourceTree = "<group>"; };
		D67A63FA23D00646001864CA /* ReviewRowCell.swift */ = {isa = PBXFileReference; lastKnownFileType = sourcecode.swift; path = ReviewRowCell.swift; sourceTree = "<group>"; };
		D67A63FC23D007CD001864CA /* ReviewsController.swift */ = {isa = PBXFileReference; lastKnownFileType = sourcecode.swift; path = ReviewsController.swift; sourceTree = "<group>"; };
		D67A63FE23D00940001864CA /* ReviewCell.swift */ = {isa = PBXFileReference; lastKnownFileType = sourcecode.swift; path = ReviewCell.swift; sourceTree = "<group>"; };
		D67A640023D00F46001864CA /* Reviews.swift */ = {isa = PBXFileReference; lastKnownFileType = sourcecode.swift; path = Reviews.swift; sourceTree = "<group>"; };
		D6C26DD723B9C11900A824C5 /* AppRowCell.swift */ = {isa = PBXFileReference; lastKnownFileType = sourcecode.swift; path = AppRowCell.swift; sourceTree = "<group>"; };
		D6CDFE7E23AC84E60068E61A /* SearchResult.swift */ = {isa = PBXFileReference; lastKnownFileType = sourcecode.swift; path = SearchResult.swift; sourceTree = "<group>"; };
		D6E0323A23B9B28D00CDB3FC /* AppsPageController.swift */ = {isa = PBXFileReference; lastKnownFileType = sourcecode.swift; path = AppsPageController.swift; sourceTree = "<group>"; };
		D6E0323C23B9B33E00CDB3FC /* BaseListController.swift */ = {isa = PBXFileReference; lastKnownFileType = sourcecode.swift; path = BaseListController.swift; sourceTree = "<group>"; };
		D6E67D0E23BF055D0098967E /* SocialApp.swift */ = {isa = PBXFileReference; lastKnownFileType = sourcecode.swift; path = SocialApp.swift; sourceTree = "<group>"; };
		D6E67D3523C6C86F0098967E /* HorizontalSnappingController.swift */ = {isa = PBXFileReference; lastKnownFileType = sourcecode.swift; path = HorizontalSnappingController.swift; sourceTree = "<group>"; };
		D6E67D3723C6CBFB0098967E /* BetterSnappingLayout.swift */ = {isa = PBXFileReference; lastKnownFileType = sourcecode.swift; path = BetterSnappingLayout.swift; sourceTree = "<group>"; };
		D6E67D3A23C7612B0098967E /* AppDetailController.swift */ = {isa = PBXFileReference; lastKnownFileType = sourcecode.swift; path = AppDetailController.swift; sourceTree = "<group>"; };
		D6EDD17D23B9C1E7009187CA /* Extensions.swift */ = {isa = PBXFileReference; lastKnownFileType = sourcecode.swift; path = Extensions.swift; sourceTree = "<group>"; };
/* End PBXFileReference section */

/* Begin PBXFrameworksBuildPhase section */
		D6295C8323AB106000F9AE9E /* Frameworks */ = {
			isa = PBXFrameworksBuildPhase;
			buildActionMask = 2147483647;
			files = (
				B84F042797A0B6F0C5E84362 /* Pods_Appstore.framework in Frameworks */,
			);
			runOnlyForDeploymentPostprocessing = 0;
		};
/* End PBXFrameworksBuildPhase section */

/* Begin PBXGroup section */
		10DFBA90EDA53586A75C0A99 /* Frameworks */ = {
			isa = PBXGroup;
			children = (
				45D057F19633FC7548EC2737 /* Pods_Appstore.framework */,
			);
			name = Frameworks;
			sourceTree = "<group>";
		};
		71DC87F0F3C491859C5A2F55 /* Pods */ = {
			isa = PBXGroup;
			children = (
				670A78AF57302680CA022B5A /* Pods-Appstore.debug.xcconfig */,
				B8D9D94B340851B034E6CF87 /* Pods-Appstore.release.xcconfig */,
			);
			path = Pods;
			sourceTree = "<group>";
		};
		D61FF87023ADD7E800429984 /* Service */ = {
			isa = PBXGroup;
			children = (
				D61FF87123ADD80500429984 /* Service.swift */,
			);
			path = Service;
			sourceTree = "<group>";
		};
		D6295C7D23AB106000F9AE9E = {
			isa = PBXGroup;
			children = (
				D6295C8823AB106000F9AE9E /* Appstore */,
				D6295C8723AB106000F9AE9E /* Products */,
				71DC87F0F3C491859C5A2F55 /* Pods */,
				10DFBA90EDA53586A75C0A99 /* Frameworks */,
			);
			sourceTree = "<group>";
		};
		D6295C8723AB106000F9AE9E /* Products */ = {
			isa = PBXGroup;
			children = (
				D6295C8623AB106000F9AE9E /* Appstore.app */,
			);
			name = Products;
			sourceTree = "<group>";
		};
		D6295C8823AB106000F9AE9E /* Appstore */ = {
			isa = PBXGroup;
			children = (
				D61FF87023ADD7E800429984 /* Service */,
				D6CDFE7D23AC84D20068E61A /* Model */,
				D6295CA523AB30A700F9AE9E /* Helpers */,
				D6295CA223AB22F100F9AE9E /* Views */,
				D6295C9F23AB1E2E00F9AE9E /* Controller */,
				D6295C8923AB106000F9AE9E /* AppDelegate.swift */,
				D6295C8B23AB106000F9AE9E /* SceneDelegate.swift */,
				D6295C8D23AB106000F9AE9E /* ViewController.swift */,
				D6295C8F23AB106000F9AE9E /* Main.storyboard */,
				D6295C9223AB106100F9AE9E /* Assets.xcassets */,
				D6295C9423AB106100F9AE9E /* LaunchScreen.storyboard */,
				D6295C9723AB106100F9AE9E /* Info.plist */,
			);
			path = Appstore;
			sourceTree = "<group>";
		};
		D6295C9F23AB1E2E00F9AE9E /* Controller */ = {
			isa = PBXGroup;
			children = (
				D6E0323E23B9B3C200CDB3FC /* Search */,
				D6E0323923B9B26600CDB3FC /* Apps */,
				D6295C9D23AB10D100F9AE9E /* BaseTabBarController.swift */,
				D6E0323C23B9B33E00CDB3FC /* BaseListController.swift */,
				D6E67D3523C6C86F0098967E /* HorizontalSnappingController.swift */,
			);
			path = Controller;
			sourceTree = "<group>";
		};
		D6295CA223AB22F100F9AE9E /* Views */ = {
			isa = PBXGroup;
			children = (
				D64EA42423B9B6FC00EA73F8 /* Apps */,
				D6295CA323AB232400F9AE9E /* SearchResultCell.swift */,
			);
			path = Views;
			sourceTree = "<group>";
		};
		D6295CA523AB30A700F9AE9E /* Helpers */ = {
			isa = PBXGroup;
			children = (
				D6295CA623AB30C600F9AE9E /* UIView+Layout.swift */,
				D6295CA823AB346B00F9AE9E /* VerticalStackView.swift */,
				D6EDD17D23B9C1E7009187CA /* Extensions.swift */,
				D6E67D3723C6CBFB0098967E /* BetterSnappingLayout.swift */,
			);
			path = Helpers;
			sourceTree = "<group>";
		};
		D64EA42423B9B6FC00EA73F8 /* Apps */ = {
			isa = PBXGroup;
			children = (
				D65791A023CACCF1005D03F4 /* Details */,
				D6C26DD723B9C11900A824C5 /* AppRowCell.swift */,
				D64EA42523B9B71500EA73F8 /* AppsGroupCell.swift */,
				D63077B023BDBA1100D9A166 /* AppsPageHeader.swift */,
				D63077B423BDBD2C00D9A166 /* AppsHeaderCell.swift */,
			);
			path = Apps;
			sourceTree = "<group>";
		};
		D65791A023CACCF1005D03F4 /* Details */ = {
			isa = PBXGroup;
			children = (
				D65791A123CACD00005D03F4 /* AppDetailCell.swift */,
				D67A63F523CC19ED001864CA /* PreviewCell.swift */,
				D67A63FA23D00646001864CA /* ReviewRowCell.swift */,
				D67A63FE23D00940001864CA /* ReviewCell.swift */,
			);
			path = Details;
			sourceTree = "<group>";
		};
		D6CDFE7D23AC84D20068E61A /* Model */ = {
			isa = PBXGroup;
			children = (
				D6CDFE7E23AC84E60068E61A /* SearchResult.swift */,
				D63077B623BEF28800D9A166 /* AppGroup.swift */,
				D6E67D0E23BF055D0098967E /* SocialApp.swift */,
				D67A640023D00F46001864CA /* Reviews.swift */,
			);
			path = Model;
			sourceTree = "<group>";
		};
		D6E0323923B9B26600CDB3FC /* Apps */ = {
			isa = PBXGroup;
			children = (
				D6E67D3923C7610C0098967E /* Details */,
				D6E0323A23B9B28D00CDB3FC /* AppsPageController.swift */,
				D64EA42723B9BB5800EA73F8 /* AppsHorizontalController.swift */,
				D63077B223BDBB8500D9A166 /* AppsHeaderHorizontalController.swift */,
			);
			path = Apps;
			sourceTree = "<group>";
		};
		D6E0323E23B9B3C200CDB3FC /* Search */ = {
			isa = PBXGroup;
			children = (
				D6295CA023AB1E7100F9AE9E /* AppsSearchController.swift */,
			);
			path = Search;
			sourceTree = "<group>";
		};
		D6E67D3923C7610C0098967E /* Details */ = {
			isa = PBXGroup;
			children = (
				D6E67D3A23C7612B0098967E /* AppDetailController.swift */,
				D67A63F723CC1B13001864CA /* PreviewScreenshotsController.swift */,
				D67A63FC23D007CD001864CA /* ReviewsController.swift */,
			);
			path = Details;
			sourceTree = "<group>";
		};
/* End PBXGroup section */

/* Begin PBXNativeTarget section */
		D6295C8523AB106000F9AE9E /* Appstore */ = {
			isa = PBXNativeTarget;
			buildConfigurationList = D6295C9A23AB106100F9AE9E /* Build configuration list for PBXNativeTarget "Appstore" */;
			buildPhases = (
				D11A977319A4E53FFB3B3186 /* [CP] Check Pods Manifest.lock */,
				D6295C8223AB106000F9AE9E /* Sources */,
				D6295C8323AB106000F9AE9E /* Frameworks */,
				D6295C8423AB106000F9AE9E /* Resources */,
				6C35EA2F2C6559CDCE178BD3 /* [CP] Embed Pods Frameworks */,
			);
			buildRules = (
			);
			dependencies = (
			);
			name = Appstore;
			productName = Appstore;
			productReference = D6295C8623AB106000F9AE9E /* Appstore.app */;
			productType = "com.apple.product-type.application";
		};
/* End PBXNativeTarget section */

/* Begin PBXProject section */
		D6295C7E23AB106000F9AE9E /* Project object */ = {
			isa = PBXProject;
			attributes = {
				LastSwiftUpdateCheck = 1130;
				LastUpgradeCheck = 1130;
				ORGANIZATIONNAME = "Cole Riggle";
				TargetAttributes = {
					D6295C8523AB106000F9AE9E = {
						CreatedOnToolsVersion = 11.3;
					};
				};
			};
			buildConfigurationList = D6295C8123AB106000F9AE9E /* Build configuration list for PBXProject "Appstore" */;
			compatibilityVersion = "Xcode 9.3";
			developmentRegion = en;
			hasScannedForEncodings = 0;
			knownRegions = (
				en,
				Base,
			);
			mainGroup = D6295C7D23AB106000F9AE9E;
			productRefGroup = D6295C8723AB106000F9AE9E /* Products */;
			projectDirPath = "";
			projectRoot = "";
			targets = (
				D6295C8523AB106000F9AE9E /* Appstore */,
			);
		};
/* End PBXProject section */

/* Begin PBXResourcesBuildPhase section */
		D6295C8423AB106000F9AE9E /* Resources */ = {
			isa = PBXResourcesBuildPhase;
			buildActionMask = 2147483647;
			files = (
				D6295C9623AB106100F9AE9E /* LaunchScreen.storyboard in Resources */,
				D6295C9323AB106100F9AE9E /* Assets.xcassets in Resources */,
				D6295C9123AB106000F9AE9E /* Main.storyboard in Resources */,
			);
			runOnlyForDeploymentPostprocessing = 0;
		};
/* End PBXResourcesBuildPhase section */

/* Begin PBXShellScriptBuildPhase section */
		6C35EA2F2C6559CDCE178BD3 /* [CP] Embed Pods Frameworks */ = {
			isa = PBXShellScriptBuildPhase;
			buildActionMask = 2147483647;
			files = (
			);
			inputFileListPaths = (
				"${PODS_ROOT}/Target Support Files/Pods-Appstore/Pods-Appstore-frameworks-${CONFIGURATION}-input-files.xcfilelist",
			);
			name = "[CP] Embed Pods Frameworks";
			outputFileListPaths = (
				"${PODS_ROOT}/Target Support Files/Pods-Appstore/Pods-Appstore-frameworks-${CONFIGURATION}-output-files.xcfilelist",
			);
			runOnlyForDeploymentPostprocessing = 0;
			shellPath = /bin/sh;
			shellScript = "\"${PODS_ROOT}/Target Support Files/Pods-Appstore/Pods-Appstore-frameworks.sh\"\n";
			showEnvVarsInLog = 0;
		};
		D11A977319A4E53FFB3B3186 /* [CP] Check Pods Manifest.lock */ = {
			isa = PBXShellScriptBuildPhase;
			buildActionMask = 2147483647;
			files = (
			);
			inputFileListPaths = (
			);
			inputPaths = (
				"${PODS_PODFILE_DIR_PATH}/Podfile.lock",
				"${PODS_ROOT}/Manifest.lock",
			);
			name = "[CP] Check Pods Manifest.lock";
			outputFileListPaths = (
			);
			outputPaths = (
				"$(DERIVED_FILE_DIR)/Pods-Appstore-checkManifestLockResult.txt",
			);
			runOnlyForDeploymentPostprocessing = 0;
			shellPath = /bin/sh;
			shellScript = "diff \"${PODS_PODFILE_DIR_PATH}/Podfile.lock\" \"${PODS_ROOT}/Manifest.lock\" > /dev/null\nif [ $? != 0 ] ; then\n    # print error to STDERR\n    echo \"error: The sandbox is not in sync with the Podfile.lock. Run 'pod install' or update your CocoaPods installation.\" >&2\n    exit 1\nfi\n# This output is used by Xcode 'outputs' to avoid re-running this script phase.\necho \"SUCCESS\" > \"${SCRIPT_OUTPUT_FILE_0}\"\n";
			showEnvVarsInLog = 0;
		};
/* End PBXShellScriptBuildPhase section */

/* Begin PBXSourcesBuildPhase section */
		D6295C8223AB106000F9AE9E /* Sources */ = {
			isa = PBXSourcesBuildPhase;
			buildActionMask = 2147483647;
			files = (
				D6295C9E23AB10D100F9AE9E /* BaseTabBarController.swift in Sources */,
				D67A63FF23D00940001864CA /* ReviewCell.swift in Sources */,
				D6E0323B23B9B28D00CDB3FC /* AppsPageController.swift in Sources */,
				D6CDFE7F23AC84E60068E61A /* SearchResult.swift in Sources */,
				D6E67D0F23BF055D0098967E /* SocialApp.swift in Sources */,
				D67A63F823CC1B13001864CA /* PreviewScreenshotsController.swift in Sources */,
				D6295C8E23AB106000F9AE9E /* ViewController.swift in Sources */,
				D6295C8A23AB106000F9AE9E /* AppDelegate.swift in Sources */,
				D67A640123D00F46001864CA /* Reviews.swift in Sources */,
				D6295CA123AB1E7100F9AE9E /* AppsSearchController.swift in Sources */,
				D64EA42623B9B71500EA73F8 /* AppsGroupCell.swift in Sources */,
				D6295CA423AB232400F9AE9E /* SearchResultCell.swift in Sources */,
				D6E67D3623C6C86F0098967E /* HorizontalSnappingController.swift in Sources */,
				D6E67D3823C6CBFB0098967E /* BetterSnappingLayout.swift in Sources */,
				D6295CA923AB346B00F9AE9E /* VerticalStackView.swift in Sources */,
				D6E67D3B23C7612B0098967E /* AppDetailController.swift in Sources */,
				D61FF87223ADD80500429984 /* Service.swift in Sources */,
				D63077B323BDBB8500D9A166 /* AppsHeaderHorizontalController.swift in Sources */,
				D63077B123BDBA1100D9A166 /* AppsPageHeader.swift in Sources */,
				D6295CA723AB30C600F9AE9E /* UIView+Layout.swift in Sources */,
				D67A63FD23D007CD001864CA /* ReviewsController.swift in Sources */,
				D6EDD17E23B9C1E7009187CA /* Extensions.swift in Sources */,
				D6E0323D23B9B33E00CDB3FC /* BaseListController.swift in Sources */,
				D63077B723BEF28800D9A166 /* AppGroup.swift in Sources */,
				D65791A223CACD00005D03F4 /* AppDetailCell.swift in Sources */,
				D63077B523BDBD2C00D9A166 /* AppsHeaderCell.swift in Sources */,
				D67A63F623CC19ED001864CA /* PreviewCell.swift in Sources */,
				D67A63FB23D00646001864CA /* ReviewRowCell.swift in Sources */,
				D6295C8C23AB106000F9AE9E /* SceneDelegate.swift in Sources */,
				D64EA42823B9BB5800EA73F8 /* AppsHorizontalController.swift in Sources */,
				D6C26DD823B9C11900A824C5 /* AppRowCell.swift in Sources */,
			);
			runOnlyForDeploymentPostprocessing = 0;
		};
/* End PBXSourcesBuildPhase section */

/* Begin PBXVariantGroup section */
		D6295C8F23AB106000F9AE9E /* Main.storyboard */ = {
			isa = PBXVariantGroup;
			children = (
				D6295C9023AB106000F9AE9E /* Base */,
			);
			name = Main.storyboard;
			sourceTree = "<group>";
		};
		D6295C9423AB106100F9AE9E /* LaunchScreen.storyboard */ = {
			isa = PBXVariantGroup;
			children = (
				D6295C9523AB106100F9AE9E /* Base */,
			);
			name = LaunchScreen.storyboard;
			sourceTree = "<group>";
		};
/* End PBXVariantGroup section */

/* Begin XCBuildConfiguration section */
		D6295C9823AB106100F9AE9E /* Debug */ = {
			isa = XCBuildConfiguration;
			buildSettings = {
				ALWAYS_SEARCH_USER_PATHS = NO;
				CLANG_ANALYZER_NONNULL = YES;
				CLANG_ANALYZER_NUMBER_OBJECT_CONVERSION = YES_AGGRESSIVE;
				CLANG_CXX_LANGUAGE_STANDARD = "gnu++14";
				CLANG_CXX_LIBRARY = "libc++";
				CLANG_ENABLE_MODULES = YES;
				CLANG_ENABLE_OBJC_ARC = YES;
				CLANG_ENABLE_OBJC_WEAK = YES;
				CLANG_WARN_BLOCK_CAPTURE_AUTORELEASING = YES;
				CLANG_WARN_BOOL_CONVERSION = YES;
				CLANG_WARN_COMMA = YES;
				CLANG_WARN_CONSTANT_CONVERSION = YES;
				CLANG_WARN_DEPRECATED_OBJC_IMPLEMENTATIONS = YES;
				CLANG_WARN_DIRECT_OBJC_ISA_USAGE = YES_ERROR;
				CLANG_WARN_DOCUMENTATION_COMMENTS = YES;
				CLANG_WARN_EMPTY_BODY = YES;
				CLANG_WARN_ENUM_CONVERSION = YES;
				CLANG_WARN_INFINITE_RECURSION = YES;
				CLANG_WARN_INT_CONVERSION = YES;
				CLANG_WARN_NON_LITERAL_NULL_CONVERSION = YES;
				CLANG_WARN_OBJC_IMPLICIT_RETAIN_SELF = YES;
				CLANG_WARN_OBJC_LITERAL_CONVERSION = YES;
				CLANG_WARN_OBJC_ROOT_CLASS = YES_ERROR;
				CLANG_WARN_RANGE_LOOP_ANALYSIS = YES;
				CLANG_WARN_STRICT_PROTOTYPES = YES;
				CLANG_WARN_SUSPICIOUS_MOVE = YES;
				CLANG_WARN_UNGUARDED_AVAILABILITY = YES_AGGRESSIVE;
				CLANG_WARN_UNREACHABLE_CODE = YES;
				CLANG_WARN__DUPLICATE_METHOD_MATCH = YES;
				COPY_PHASE_STRIP = NO;
				DEBUG_INFORMATION_FORMAT = dwarf;
				ENABLE_STRICT_OBJC_MSGSEND = YES;
				ENABLE_TESTABILITY = YES;
				GCC_C_LANGUAGE_STANDARD = gnu11;
				GCC_DYNAMIC_NO_PIC = NO;
				GCC_NO_COMMON_BLOCKS = YES;
				GCC_OPTIMIZATION_LEVEL = 0;
				GCC_PREPROCESSOR_DEFINITIONS = (
					"DEBUG=1",
					"$(inherited)",
				);
				GCC_WARN_64_TO_32_BIT_CONVERSION = YES;
				GCC_WARN_ABOUT_RETURN_TYPE = YES_ERROR;
				GCC_WARN_UNDECLARED_SELECTOR = YES;
				GCC_WARN_UNINITIALIZED_AUTOS = YES_AGGRESSIVE;
				GCC_WARN_UNUSED_FUNCTION = YES;
				GCC_WARN_UNUSED_VARIABLE = YES;
				IPHONEOS_DEPLOYMENT_TARGET = 13.2;
				MTL_ENABLE_DEBUG_INFO = INCLUDE_SOURCE;
				MTL_FAST_MATH = YES;
				ONLY_ACTIVE_ARCH = YES;
				SDKROOT = iphoneos;
				SWIFT_ACTIVE_COMPILATION_CONDITIONS = DEBUG;
				SWIFT_OPTIMIZATION_LEVEL = "-Onone";
			};
			name = Debug;
		};
		D6295C9923AB106100F9AE9E /* Release */ = {
			isa = XCBuildConfiguration;
			buildSettings = {
				ALWAYS_SEARCH_USER_PATHS = NO;
				CLANG_ANALYZER_NONNULL = YES;
				CLANG_ANALYZER_NUMBER_OBJECT_CONVERSION = YES_AGGRESSIVE;
				CLANG_CXX_LANGUAGE_STANDARD = "gnu++14";
				CLANG_CXX_LIBRARY = "libc++";
				CLANG_ENABLE_MODULES = YES;
				CLANG_ENABLE_OBJC_ARC = YES;
				CLANG_ENABLE_OBJC_WEAK = YES;
				CLANG_WARN_BLOCK_CAPTURE_AUTORELEASING = YES;
				CLANG_WARN_BOOL_CONVERSION = YES;
				CLANG_WARN_COMMA = YES;
				CLANG_WARN_CONSTANT_CONVERSION = YES;
				CLANG_WARN_DEPRECATED_OBJC_IMPLEMENTATIONS = YES;
				CLANG_WARN_DIRECT_OBJC_ISA_USAGE = YES_ERROR;
				CLANG_WARN_DOCUMENTATION_COMMENTS = YES;
				CLANG_WARN_EMPTY_BODY = YES;
				CLANG_WARN_ENUM_CONVERSION = YES;
				CLANG_WARN_INFINITE_RECURSION = YES;
				CLANG_WARN_INT_CONVERSION = YES;
				CLANG_WARN_NON_LITERAL_NULL_CONVERSION = YES;
				CLANG_WARN_OBJC_IMPLICIT_RETAIN_SELF = YES;
				CLANG_WARN_OBJC_LITERAL_CONVERSION = YES;
				CLANG_WARN_OBJC_ROOT_CLASS = YES_ERROR;
				CLANG_WARN_RANGE_LOOP_ANALYSIS = YES;
				CLANG_WARN_STRICT_PROTOTYPES = YES;
				CLANG_WARN_SUSPICIOUS_MOVE = YES;
				CLANG_WARN_UNGUARDED_AVAILABILITY = YES_AGGRESSIVE;
				CLANG_WARN_UNREACHABLE_CODE = YES;
				CLANG_WARN__DUPLICATE_METHOD_MATCH = YES;
				COPY_PHASE_STRIP = NO;
				DEBUG_INFORMATION_FORMAT = "dwarf-with-dsym";
				ENABLE_NS_ASSERTIONS = NO;
				ENABLE_STRICT_OBJC_MSGSEND = YES;
				GCC_C_LANGUAGE_STANDARD = gnu11;
				GCC_NO_COMMON_BLOCKS = YES;
				GCC_WARN_64_TO_32_BIT_CONVERSION = YES;
				GCC_WARN_ABOUT_RETURN_TYPE = YES_ERROR;
				GCC_WARN_UNDECLARED_SELECTOR = YES;
				GCC_WARN_UNINITIALIZED_AUTOS = YES_AGGRESSIVE;
				GCC_WARN_UNUSED_FUNCTION = YES;
				GCC_WARN_UNUSED_VARIABLE = YES;
				IPHONEOS_DEPLOYMENT_TARGET = 13.2;
				MTL_ENABLE_DEBUG_INFO = NO;
				MTL_FAST_MATH = YES;
				SDKROOT = iphoneos;
				SWIFT_COMPILATION_MODE = wholemodule;
				SWIFT_OPTIMIZATION_LEVEL = "-O";
				VALIDATE_PRODUCT = YES;
			};
			name = Release;
		};
		D6295C9B23AB106100F9AE9E /* Debug */ = {
			isa = XCBuildConfiguration;
			baseConfigurationReference = 670A78AF57302680CA022B5A /* Pods-Appstore.debug.xcconfig */;
			buildSettings = {
				ASSETCATALOG_COMPILER_APPICON_NAME = AppIcon;
				CODE_SIGN_STYLE = Automatic;
				DEVELOPMENT_TEAM = 4SPAE5RMML;
				INFOPLIST_FILE = Appstore/Info.plist;
				LD_RUNPATH_SEARCH_PATHS = (
					"$(inherited)",
					"@executable_path/Frameworks",
				);
				PRODUCT_BUNDLE_IDENTIFIER = com.coleriggle.swift.Appstore;
				PRODUCT_NAME = "$(TARGET_NAME)";
				SWIFT_VERSION = 5.0;
				TARGETED_DEVICE_FAMILY = "1,2";
			};
			name = Debug;
		};
		D6295C9C23AB106100F9AE9E /* Release */ = {
			isa = XCBuildConfiguration;
			baseConfigurationReference = B8D9D94B340851B034E6CF87 /* Pods-Appstore.release.xcconfig */;
			buildSettings = {
				ASSETCATALOG_COMPILER_APPICON_NAME = AppIcon;
				CODE_SIGN_STYLE = Automatic;
				DEVELOPMENT_TEAM = 4SPAE5RMML;
				INFOPLIST_FILE = Appstore/Info.plist;
				LD_RUNPATH_SEARCH_PATHS = (
					"$(inherited)",
					"@executable_path/Frameworks",
				);
				PRODUCT_BUNDLE_IDENTIFIER = com.coleriggle.swift.Appstore;
				PRODUCT_NAME = "$(TARGET_NAME)";
				SWIFT_VERSION = 5.0;
				TARGETED_DEVICE_FAMILY = "1,2";
			};
			name = Release;
		};
/* End XCBuildConfiguration section */

/* Begin XCConfigurationList section */
		D6295C8123AB106000F9AE9E /* Build configuration list for PBXProject "Appstore" */ = {
			isa = XCConfigurationList;
			buildConfigurations = (
				D6295C9823AB106100F9AE9E /* Debug */,
				D6295C9923AB106100F9AE9E /* Release */,
			);
			defaultConfigurationIsVisible = 0;
			defaultConfigurationName = Release;
		};
		D6295C9A23AB106100F9AE9E /* Build configuration list for PBXNativeTarget "Appstore" */ = {
			isa = XCConfigurationList;
			buildConfigurations = (
				D6295C9B23AB106100F9AE9E /* Debug */,
				D6295C9C23AB106100F9AE9E /* Release */,
			);
			defaultConfigurationIsVisible = 0;
			defaultConfigurationName = Release;
		};
/* End XCConfigurationList section */
	};
	rootObject = D6295C7E23AB106000F9AE9E /* Project object */;
}
